
Microsoft Visual Studio Solution File, Format Version 12.00
# Visual Studio 15
VisualStudioVersion = 15.0.27428.2037
MinimumVisualStudioVersion = 10.0.40219.1
Project("{FAE04EC0-301F-11D3-BF4B-00C04F79EFBC}") = "praktika1", "praktika1\praktika1.csproj", "{9401FA37-6C93-47D4-9AB4-B98836A284D3}"
EndProject
Global
	GlobalSection(SolutionConfigurationPlatforms) = preSolution
		Debug|Any CPU = Debug|Any CPU
		Release|Any CPU = Release|Any CPU
	EndGlobalSection
	GlobalSection(ProjectConfigurationPlatforms) = postSolution
		{9401FA37-6C93-47D4-9AB4-B98836A284D3}.Debug|Any CPU.ActiveCfg = Debug|Any CPU
		{9401FA37-6C93-47D4-9AB4-B98836A284D3}.Debug|Any CPU.Build.0 = Debug|Any CPU
		{9401FA37-6C93-47D4-9AB4-B98836A284D3}.Release|Any CPU.ActiveCfg = Release|Any CPU
		{9401FA37-6C93-47D4-9AB4-B98836A284D3}.Release|Any CPU.Build.0 = Release|Any CPU
	EndGlobalSection
	GlobalSection(SolutionProperties) = preSolution
		HideSolutionNode = FALSE
	EndGlobalSection
	GlobalSection(ExtensibilityGlobals) = postSolution
		SolutionGuid = {91B5CD7A-0596-4ED0-A215-BB976736A1E7}
	EndGlobalSection
EndGlobal
